{
  "version": 4,
  "terraform_version": "1.4.6",
  "serial": 24,
  "lineage": "a06a1fca-49c2-7142-7744-2482bc8e6c5c",
  "outputs": {},
  "resources": [
    {
      "mode": "managed",
      "type": "aws_iam_user",
      "name": "gfgusers",
      "provider": "provider[\"registry.terraform.io/hashicorp/aws\"]",
      "instances": [
        {
          "index_key": 0,
          "schema_version": 0,
          "attributes": {
            "arn": "arn:aws:iam::084558805620:user/gfg1",
            "force_destroy": false,
            "id": "gfg1",
            "name": "gfg1",
            "path": "/",
            "permissions_boundary": null,
            "tags": {},
            "tags_all": {},
            "unique_id": "AIDARHMAY7J2NA6ALJNZR"
          },
          "sensitive_attributes": [],
          "private": "bnVsbA=="
        },
        {
          "index_key": 1,
          "schema_version": 0,
          "attributes": {
            "arn": "arn:aws:iam::084558805620:user/gfg2",
            "force_destroy": false,
            "id": "gfg2",
            "name": "gfg2",
            "path": "/",
            "permissions_boundary": null,
            "tags": {},
            "tags_all": {},
            "unique_id": "AIDARHMAY7J2IFOZ4RHP3"
          },
          "sensitive_attributes": [],
          "private": "bnVsbA=="
        },
        {
          "index_key": 2,
          "schema_version": 0,
          "attributes": {
            "arn": "arn:aws:iam::084558805620:user/gfg3",
            "force_destroy": false,
            "id": "gfg3",
            "name": "gfg3",
            "path": "/",
            "permissions_boundary": null,
            "tags": {},
            "tags_all": {},
            "unique_id": "AIDARHMAY7J2O7BNNVLEK"
          },
          "sensitive_attributes": [],
          "private": "bnVsbA=="
        }
      ]
    }
  ],
  "check_results": null
}
